
Microsoft Visual Studio Solution File, Format Version 12.00
# Visual Studio Version 16
VisualStudioVersion = 16.0.32002.261
MinimumVisualStudioVersion = 10.0.40219.1
Project("{FAE04EC0-301F-11D3-BF4B-00C04F79EFBC}") = "ColaboradoresAPI", "ColaboradoresAPI.csproj", "{EA21D138-D912-434E-985C-13916CEB07AB}"
EndProject
Global
	GlobalSection(SolutionConfigurationPlatforms) = preSolution
		Debug|Any CPU = Debug|Any CPU
		Release|Any CPU = Release|Any CPU
	EndGlobalSection
	GlobalSection(ProjectConfigurationPlatforms) = postSolution
		{EA21D138-D912-434E-985C-13916CEB07AB}.Debug|Any CPU.ActiveCfg = Debug|Any CPU
		{EA21D138-D912-434E-985C-13916CEB07AB}.Debug|Any CPU.Build.0 = Debug|Any CPU
		{EA21D138-D912-434E-985C-13916CEB07AB}.Release|Any CPU.ActiveCfg = Release|Any CPU
		{EA21D138-D912-434E-985C-13916CEB07AB}.Release|Any CPU.Build.0 = Release|Any CPU
	EndGlobalSection
	GlobalSection(SolutionProperties) = preSolution
		HideSolutionNode = FALSE
	EndGlobalSection
	GlobalSection(ExtensibilityGlobals) = postSolution
		SolutionGuid = {D5B8409D-FE5E-45EA-B8F3-2596BC307F96}
	EndGlobalSection
EndGlobal
